
Microsoft Visual Studio Solution File, Format Version 12.00
# Visual Studio Version 17
VisualStudioVersion = 17.4.33122.133
MinimumVisualStudioVersion = 10.0.40219.1
Project("{FAE04EC0-301F-11D3-BF4B-00C04F79EFBC}") = "AirportManagement", "AirportManagement\AirportManagement.csproj", "{A5EFEC33-3D8F-4AC7-9B89-61FB18761FCA}"
EndProject
Project("{FAE04EC0-301F-11D3-BF4B-00C04F79EFBC}") = "AM.UI.Console", "AM.UI.Console\AM.UI.Console.csproj", "{D504FCF5-C792-4BA5-9A0E-1F5BEB1C3A46}"
EndProject
Project("{FAE04EC0-301F-11D3-BF4B-00C04F79EFBC}") = "AM.ApplicationCore", "AM.ApplicationCore\AM.ApplicationCore.csproj", "{4499DBEB-0506-4E5C-B1A5-56B5AC681A77}"
EndProject
Global
	GlobalSection(SolutionConfigurationPlatforms) = preSolution
		Debug|Any CPU = Debug|Any CPU
		Release|Any CPU = Release|Any CPU
	EndGlobalSection
	GlobalSection(ProjectConfigurationPlatforms) = postSolution
		{A5EFEC33-3D8F-4AC7-9B89-61FB18761FCA}.Debug|Any CPU.ActiveCfg = Debug|Any CPU
		{A5EFEC33-3D8F-4AC7-9B89-61FB18761FCA}.Debug|Any CPU.Build.0 = Debug|Any CPU
		{A5EFEC33-3D8F-4AC7-9B89-61FB18761FCA}.Release|Any CPU.ActiveCfg = Release|Any CPU
		{A5EFEC33-3D8F-4AC7-9B89-61FB18761FCA}.Release|Any CPU.Build.0 = Release|Any CPU
		{D504FCF5-C792-4BA5-9A0E-1F5BEB1C3A46}.Debug|Any CPU.ActiveCfg = Debug|Any CPU
		{D504FCF5-C792-4BA5-9A0E-1F5BEB1C3A46}.Debug|Any CPU.Build.0 = Debug|Any CPU
		{D504FCF5-C792-4BA5-9A0E-1F5BEB1C3A46}.Release|Any CPU.ActiveCfg = Release|Any CPU
		{D504FCF5-C792-4BA5-9A0E-1F5BEB1C3A46}.Release|Any CPU.Build.0 = Release|Any CPU
		{4499DBEB-0506-4E5C-B1A5-56B5AC681A77}.Debug|Any CPU.ActiveCfg = Debug|Any CPU
		{4499DBEB-0506-4E5C-B1A5-56B5AC681A77}.Debug|Any CPU.Build.0 = Debug|Any CPU
		{4499DBEB-0506-4E5C-B1A5-56B5AC681A77}.Release|Any CPU.ActiveCfg = Release|Any CPU
		{4499DBEB-0506-4E5C-B1A5-56B5AC681A77}.Release|Any CPU.Build.0 = Release|Any CPU
	EndGlobalSection
	GlobalSection(SolutionProperties) = preSolution
		HideSolutionNode = FALSE
	EndGlobalSection
	GlobalSection(ExtensibilityGlobals) = postSolution
		SolutionGuid = {C62AD047-CAF3-4688-B443-F640B27D44F1}
	EndGlobalSection
EndGlobal
